// !$*UTF8*$!
{
	archiveVersion = 1;
	classes = {
	};
	objectVersion = 46;
	objects = {

/* Begin PBXBuildFile section */
		4EB34076BBBA07FB1C95FFA6 /* libPods-TaboolaDemoApp.a in Frameworks */ = {isa = PBXBuildFile; fileRef = 62F50285FC0C6E90E466A306 /* libPods-TaboolaDemoApp.a */; };
		BC4C1EC8186D8A0300308460 /* TBWidgetViewController.m in Sources */ = {isa = PBXBuildFile; fileRef = BC4C1EC7186D8A0300308460 /* TBWidgetViewController.m */; };
		BC9158B9186C7C0600141537 /* Foundation.framework in Frameworks */ = {isa = PBXBuildFile; fileRef = BC9158B8186C7C0600141537 /* Foundation.framework */; };
		BC9158BB186C7C0600141537 /* CoreGraphics.framework in Frameworks */ = {isa = PBXBuildFile; fileRef = BC9158BA186C7C0600141537 /* CoreGraphics.framework */; };
		BC9158BD186C7C0600141537 /* UIKit.framework in Frameworks */ = {isa = PBXBuildFile; fileRef = BC9158BC186C7C0600141537 /* UIKit.framework */; };
		BC9158C3186C7C0600141537 /* InfoPlist.strings in Resources */ = {isa = PBXBuildFile; fileRef = BC9158C1186C7C0600141537 /* InfoPlist.strings */; };
		BC9158C5186C7C0600141537 /* main.m in Sources */ = {isa = PBXBuildFile; fileRef = BC9158C4186C7C0600141537 /* main.m */; };
		BC9158C9186C7C0600141537 /* TBAppDelegate.m in Sources */ = {isa = PBXBuildFile; fileRef = BC9158C8186C7C0600141537 /* TBAppDelegate.m */; };
		BC9158CB186C7C0600141537 /* Images.xcassets in Resources */ = {isa = PBXBuildFile; fileRef = BC9158CA186C7C0600141537 /* Images.xcassets */; };
		BC9158D2186C7C0600141537 /* XCTest.framework in Frameworks */ = {isa = PBXBuildFile; fileRef = BC9158D1186C7C0600141537 /* XCTest.framework */; };
		BC9158D3186C7C0600141537 /* Foundation.framework in Frameworks */ = {isa = PBXBuildFile; fileRef = BC9158B8186C7C0600141537 /* Foundation.framework */; };
		BC9158D4186C7C0600141537 /* UIKit.framework in Frameworks */ = {isa = PBXBuildFile; fileRef = BC9158BC186C7C0600141537 /* UIKit.framework */; };
		BCF891F4186DC363003F45C4 /* ic_launcher_57.png in Resources */ = {isa = PBXBuildFile; fileRef = BCF891ED186DC363003F45C4 /* ic_launcher_57.png */; };
		BCF891F5186DC363003F45C4 /* ic_launcher_72.png in Resources */ = {isa = PBXBuildFile; fileRef = BCF891EE186DC363003F45C4 /* ic_launcher_72.png */; };
		BCF891F6186DC363003F45C4 /* ic_launcher_76.png in Resources */ = {isa = PBXBuildFile; fileRef = BCF891EF186DC363003F45C4 /* ic_launcher_76.png */; };
		BCF891F7186DC363003F45C4 /* ic_launcher_114.png in Resources */ = {isa = PBXBuildFile; fileRef = BCF891F0186DC363003F45C4 /* ic_launcher_114.png */; };
		BCF891F8186DC363003F45C4 /* ic_launcher_120.png in Resources */ = {isa = PBXBuildFile; fileRef = BCF891F1186DC363003F45C4 /* ic_launcher_120.png */; };
		BCF891F9186DC363003F45C4 /* ic_launcher_144.png in Resources */ = {isa = PBXBuildFile; fileRef = BCF891F2186DC363003F45C4 /* ic_launcher_144.png */; };
		BCF891FA186DC363003F45C4 /* ic_launcher_152.png in Resources */ = {isa = PBXBuildFile; fileRef = BCF891F3186DC363003F45C4 /* ic_launcher_152.png */; };
		BCF891FE186DC47C003F45C4 /* navigationBar_iPhone@2x.png in Resources */ = {isa = PBXBuildFile; fileRef = BCF891FC186DC47C003F45C4 /* navigationBar_iPhone@2x.png */; };
		DB3A190D21AD8CDB00F06792 /* Main.storyboard in Resources */ = {isa = PBXBuildFile; fileRef = DB3A190C21AD8CDB00F06792 /* Main.storyboard */; };
		DB4107DC21AAF9FC006CA18D /* TBWidgetCollectionView.m in Sources */ = {isa = PBXBuildFile; fileRef = DB4107DA21AAF9FC006CA18D /* TBWidgetCollectionView.m */; };
		DBFF220320D26558008DD3CB /* TBFeedCollectionView.m in Sources */ = {isa = PBXBuildFile; fileRef = DBFF21F920D26557008DD3CB /* TBFeedCollectionView.m */; };
		DBFF221D20D266A2008DD3CB /* TaboolaCollectionViewCell.m in Sources */ = {isa = PBXBuildFile; fileRef = DBFF221920D266A2008DD3CB /* TaboolaCollectionViewCell.m */; };
		DBFF222220D267EF008DD3CB /* TBFeedViewController.m in Sources */ = {isa = PBXBuildFile; fileRef = DBFF221F20D267EE008DD3CB /* TBFeedViewController.m */; };
		DC1F26E51DCB3FED007328B0 /* WebKit.framework in Frameworks */ = {isa = PBXBuildFile; fileRef = DC1F26E41DCB3FED007328B0 /* WebKit.framework */; };
		DCF042ED1DCCADFA00198A08 /* Launch Screen.storyboard in Resources */ = {isa = PBXBuildFile; fileRef = DCF042EC1DCCADFA00198A08 /* Launch Screen.storyboard */; };
/* End PBXBuildFile section */

/* Begin PBXContainerItemProxy section */
		BC9158D5186C7C0600141537 /* PBXContainerItemProxy */ = {
			isa = PBXContainerItemProxy;
			containerPortal = BC9158AD186C7C0600141537 /* Project object */;
			proxyType = 1;
			remoteGlobalIDString = BC9158B4186C7C0600141537;
			remoteInfo = TaboolaDemoApp;
		};
		DC481ADE1D01C032000426FD /* PBXContainerItemProxy */ = {
			isa = PBXContainerItemProxy;
			containerPortal = BC9158AD186C7C0600141537 /* Project object */;
			proxyType = 1;
			remoteGlobalIDString = BC9158B4186C7C0600141537;
			remoteInfo = TaboolaDemoApp;
		};
/* End PBXContainerItemProxy section */

/* Begin PBXFileReference section */
		39B0BC8FA40B27EFF8279810 /* Pods-TaboolaDemoApp.release.xcconfig */ = {isa = PBXFileReference; includeInIndex = 1; lastKnownFileType = text.xcconfig; name = "Pods-TaboolaDemoApp.release.xcconfig"; path = "Pods/Target Support Files/Pods-TaboolaDemoApp/Pods-TaboolaDemoApp.release.xcconfig"; sourceTree = "<group>"; };
		42966A7478D73CB3E501E4CC /* Pods-TaboolaDemoApp.debug.xcconfig */ = {isa = PBXFileReference; includeInIndex = 1; lastKnownFileType = text.xcconfig; name = "Pods-TaboolaDemoApp.debug.xcconfig"; path = "Pods/Target Support Files/Pods-TaboolaDemoApp/Pods-TaboolaDemoApp.debug.xcconfig"; sourceTree = "<group>"; };
		62F50285FC0C6E90E466A306 /* libPods-TaboolaDemoApp.a */ = {isa = PBXFileReference; explicitFileType = archive.ar; includeInIndex = 0; path = "libPods-TaboolaDemoApp.a"; sourceTree = BUILT_PRODUCTS_DIR; };
		BA12290580686AD6DB0E2DF7 /* libPods-TaboolaDemoAppUITests.a */ = {isa = PBXFileReference; explicitFileType = archive.ar; includeInIndex = 0; path = "libPods-TaboolaDemoAppUITests.a"; sourceTree = BUILT_PRODUCTS_DIR; };
		BC4C1EC6186D8A0300308460 /* TBWidgetViewController.h */ = {isa = PBXFileReference; fileEncoding = 4; lastKnownFileType = sourcecode.c.h; path = TBWidgetViewController.h; sourceTree = "<group>"; };
		BC4C1EC7186D8A0300308460 /* TBWidgetViewController.m */ = {isa = PBXFileReference; fileEncoding = 4; lastKnownFileType = sourcecode.c.objc; path = TBWidgetViewController.m; sourceTree = "<group>"; };
		BC9158B5186C7C0600141537 /* TaboolaDemoApp.app */ = {isa = PBXFileReference; explicitFileType = wrapper.application; includeInIndex = 0; path = TaboolaDemoApp.app; sourceTree = BUILT_PRODUCTS_DIR; };
		BC9158B8186C7C0600141537 /* Foundation.framework */ = {isa = PBXFileReference; lastKnownFileType = wrapper.framework; name = Foundation.framework; path = System/Library/Frameworks/Foundation.framework; sourceTree = SDKROOT; };
		BC9158BA186C7C0600141537 /* CoreGraphics.framework */ = {isa = PBXFileReference; lastKnownFileType = wrapper.framework; name = CoreGraphics.framework; path = System/Library/Frameworks/CoreGraphics.framework; sourceTree = SDKROOT; };
		BC9158BC186C7C0600141537 /* UIKit.framework */ = {isa = PBXFileReference; lastKnownFileType = wrapper.framework; name = UIKit.framework; path = System/Library/Frameworks/UIKit.framework; sourceTree = SDKROOT; };
		BC9158C0186C7C0600141537 /* TaboolaDemoApp-Info.plist */ = {isa = PBXFileReference; lastKnownFileType = text.plist.xml; path = "TaboolaDemoApp-Info.plist"; sourceTree = "<group>"; };
		BC9158C2186C7C0600141537 /* en */ = {isa = PBXFileReference; lastKnownFileType = text.plist.strings; name = en; path = en.lproj/InfoPlist.strings; sourceTree = "<group>"; };
		BC9158C4186C7C0600141537 /* main.m */ = {isa = PBXFileReference; lastKnownFileType = sourcecode.c.objc; path = main.m; sourceTree = "<group>"; };
		BC9158C6186C7C0600141537 /* TaboolaDemoApp-Prefix.pch */ = {isa = PBXFileReference; lastKnownFileType = sourcecode.c.h; path = "TaboolaDemoApp-Prefix.pch"; sourceTree = "<group>"; };
		BC9158C7186C7C0600141537 /* TBAppDelegate.h */ = {isa = PBXFileReference; lastKnownFileType = sourcecode.c.h; path = TBAppDelegate.h; sourceTree = "<group>"; };
		BC9158C8186C7C0600141537 /* TBAppDelegate.m */ = {isa = PBXFileReference; lastKnownFileType = sourcecode.c.objc; path = TBAppDelegate.m; sourceTree = "<group>"; };
		BC9158CA186C7C0600141537 /* Images.xcassets */ = {isa = PBXFileReference; lastKnownFileType = folder.assetcatalog; path = Images.xcassets; sourceTree = "<group>"; };
		BC9158D0186C7C0600141537 /* TaboolaDemoAppTests.xctest */ = {isa = PBXFileReference; explicitFileType = wrapper.cfbundle; includeInIndex = 0; path = TaboolaDemoAppTests.xctest; sourceTree = BUILT_PRODUCTS_DIR; };
		BC9158D1186C7C0600141537 /* XCTest.framework */ = {isa = PBXFileReference; lastKnownFileType = wrapper.framework; name = XCTest.framework; path = Library/Frameworks/XCTest.framework; sourceTree = DEVELOPER_DIR; };
		BCF891ED186DC363003F45C4 /* ic_launcher_57.png */ = {isa = PBXFileReference; lastKnownFileType = image.png; path = ic_launcher_57.png; sourceTree = "<group>"; };
		BCF891EE186DC363003F45C4 /* ic_launcher_72.png */ = {isa = PBXFileReference; lastKnownFileType = image.png; path = ic_launcher_72.png; sourceTree = "<group>"; };
		BCF891EF186DC363003F45C4 /* ic_launcher_76.png */ = {isa = PBXFileReference; lastKnownFileType = image.png; path = ic_launcher_76.png; sourceTree = "<group>"; };
		BCF891F0186DC363003F45C4 /* ic_launcher_114.png */ = {isa = PBXFileReference; lastKnownFileType = image.png; path = ic_launcher_114.png; sourceTree = "<group>"; };
		BCF891F1186DC363003F45C4 /* ic_launcher_120.png */ = {isa = PBXFileReference; lastKnownFileType = image.png; path = ic_launcher_120.png; sourceTree = "<group>"; };
		BCF891F2186DC363003F45C4 /* ic_launcher_144.png */ = {isa = PBXFileReference; lastKnownFileType = image.png; path = ic_launcher_144.png; sourceTree = "<group>"; };
		BCF891F3186DC363003F45C4 /* ic_launcher_152.png */ = {isa = PBXFileReference; lastKnownFileType = image.png; path = ic_launcher_152.png; sourceTree = "<group>"; };
		BCF891FC186DC47C003F45C4 /* navigationBar_iPhone@2x.png */ = {isa = PBXFileReference; lastKnownFileType = image.png; path = "navigationBar_iPhone@2x.png"; sourceTree = "<group>"; };
		DB3A190C21AD8CDB00F06792 /* Main.storyboard */ = {isa = PBXFileReference; lastKnownFileType = file.storyboard; path = Main.storyboard; sourceTree = "<group>"; };
		DB4107D921AAF9FC006CA18D /* TBWidgetCollectionView.h */ = {isa = PBXFileReference; fileEncoding = 4; lastKnownFileType = sourcecode.c.h; path = TBWidgetCollectionView.h; sourceTree = "<group>"; };
		DB4107DA21AAF9FC006CA18D /* TBWidgetCollectionView.m */ = {isa = PBXFileReference; fileEncoding = 4; lastKnownFileType = sourcecode.c.objc; path = TBWidgetCollectionView.m; sourceTree = "<group>"; };
		DBFF21F920D26557008DD3CB /* TBFeedCollectionView.m */ = {isa = PBXFileReference; fileEncoding = 4; lastKnownFileType = sourcecode.c.objc; path = TBFeedCollectionView.m; sourceTree = "<group>"; };
		DBFF21FB20D26558008DD3CB /* TBFeedCollectionView.h */ = {isa = PBXFileReference; fileEncoding = 4; lastKnownFileType = sourcecode.c.h; path = TBFeedCollectionView.h; sourceTree = "<group>"; };
		DBFF221820D266A2008DD3CB /* TaboolaCollectionViewCell.h */ = {isa = PBXFileReference; fileEncoding = 4; lastKnownFileType = sourcecode.c.h; path = TaboolaCollectionViewCell.h; sourceTree = "<group>"; };
		DBFF221920D266A2008DD3CB /* TaboolaCollectionViewCell.m */ = {isa = PBXFileReference; fileEncoding = 4; lastKnownFileType = sourcecode.c.objc; path = TaboolaCollectionViewCell.m; sourceTree = "<group>"; };
		DBFF221F20D267EE008DD3CB /* TBFeedViewController.m */ = {isa = PBXFileReference; fileEncoding = 4; lastKnownFileType = sourcecode.c.objc; path = TBFeedViewController.m; sourceTree = "<group>"; };
		DBFF222020D267EF008DD3CB /* TBFeedViewController.h */ = {isa = PBXFileReference; fileEncoding = 4; lastKnownFileType = sourcecode.c.h; path = TBFeedViewController.h; sourceTree = "<group>"; };
		DC1F26E41DCB3FED007328B0 /* WebKit.framework */ = {isa = PBXFileReference; lastKnownFileType = wrapper.framework; name = WebKit.framework; path = System/Library/Frameworks/WebKit.framework; sourceTree = SDKROOT; };
		DC481AD91D01C032000426FD /* TaboolaDemoAppUITests.xctest */ = {isa = PBXFileReference; explicitFileType = wrapper.cfbundle; includeInIndex = 0; path = TaboolaDemoAppUITests.xctest; sourceTree = BUILT_PRODUCTS_DIR; };
		DCF042EC1DCCADFA00198A08 /* Launch Screen.storyboard */ = {isa = PBXFileReference; fileEncoding = 4; lastKnownFileType = file.storyboard; path = "Launch Screen.storyboard"; sourceTree = "<group>"; };
		F6303AEB1D6EDC74178537AE /* libPods-TaboolaDemoAppTests.a */ = {isa = PBXFileReference; explicitFileType = archive.ar; includeInIndex = 0; path = "libPods-TaboolaDemoAppTests.a"; sourceTree = BUILT_PRODUCTS_DIR; };
/* End PBXFileReference section */

/* Begin PBXFrameworksBuildPhase section */
		BC9158B2186C7C0600141537 /* Frameworks */ = {
			isa = PBXFrameworksBuildPhase;
			buildActionMask = 2147483647;
			files = (
				DC1F26E51DCB3FED007328B0 /* WebKit.framework in Frameworks */,
				BC9158BB186C7C0600141537 /* CoreGraphics.framework in Frameworks */,
				BC9158BD186C7C0600141537 /* UIKit.framework in Frameworks */,
				BC9158B9186C7C0600141537 /* Foundation.framework in Frameworks */,
				4EB34076BBBA07FB1C95FFA6 /* libPods-TaboolaDemoApp.a in Frameworks */,
			);
			runOnlyForDeploymentPostprocessing = 0;
		};
		BC9158CD186C7C0600141537 /* Frameworks */ = {
			isa = PBXFrameworksBuildPhase;
			buildActionMask = 2147483647;
			files = (
				BC9158D2186C7C0600141537 /* XCTest.framework in Frameworks */,
				BC9158D4186C7C0600141537 /* UIKit.framework in Frameworks */,
				BC9158D3186C7C0600141537 /* Foundation.framework in Frameworks */,
			);
			runOnlyForDeploymentPostprocessing = 0;
		};
		DC481AD61D01C032000426FD /* Frameworks */ = {
			isa = PBXFrameworksBuildPhase;
			buildActionMask = 2147483647;
			files = (
			);
			runOnlyForDeploymentPostprocessing = 0;
		};
/* End PBXFrameworksBuildPhase section */

/* Begin PBXGroup section */
		97AAE3EC87C656A1ABFB1B56 /* Pods */ = {
			isa = PBXGroup;
			children = (
				42966A7478D73CB3E501E4CC /* Pods-TaboolaDemoApp.debug.xcconfig */,
				39B0BC8FA40B27EFF8279810 /* Pods-TaboolaDemoApp.release.xcconfig */,
			);
			name = Pods;
			sourceTree = "<group>";
		};
		BC4C1EC5186D89E400308460 /* TBWidgetViewController */ = {
			isa = PBXGroup;
			children = (
				BC4C1EC6186D8A0300308460 /* TBWidgetViewController.h */,
				BC4C1EC7186D8A0300308460 /* TBWidgetViewController.m */,
			);
			name = TBWidgetViewController;
			sourceTree = "<group>";
		};
		BC4C1ECD186D8C6A00308460 /* TBFeedViewController */ = {
			isa = PBXGroup;
			children = (
				DBFF222020D267EF008DD3CB /* TBFeedViewController.h */,
				DBFF221F20D267EE008DD3CB /* TBFeedViewController.m */,
			);
			name = TBFeedViewController;
			sourceTree = "<group>";
		};
		BC9158AC186C7C0600141537 = {
			isa = PBXGroup;
			children = (
				BC9158BE186C7C0600141537 /* TaboolaDemoApp */,
				DBAF48ED21B3CDB7005F6EA5 /* TaboolaDemoAppUITests */,
				BC9158B7186C7C0600141537 /* Frameworks */,
				BC9158B6186C7C0600141537 /* Products */,
				97AAE3EC87C656A1ABFB1B56 /* Pods */,
			);
			sourceTree = "<group>";
		};
		BC9158B6186C7C0600141537 /* Products */ = {
			isa = PBXGroup;
			children = (
				BC9158B5186C7C0600141537 /* TaboolaDemoApp.app */,
				BC9158D0186C7C0600141537 /* TaboolaDemoAppTests.xctest */,
				DC481AD91D01C032000426FD /* TaboolaDemoAppUITests.xctest */,
			);
			name = Products;
			sourceTree = "<group>";
		};
		BC9158B7186C7C0600141537 /* Frameworks */ = {
			isa = PBXGroup;
			children = (
				DC1F26E41DCB3FED007328B0 /* WebKit.framework */,
				BC9158B8186C7C0600141537 /* Foundation.framework */,
				BC9158BA186C7C0600141537 /* CoreGraphics.framework */,
				BC9158BC186C7C0600141537 /* UIKit.framework */,
				BC9158D1186C7C0600141537 /* XCTest.framework */,
				62F50285FC0C6E90E466A306 /* libPods-TaboolaDemoApp.a */,
				F6303AEB1D6EDC74178537AE /* libPods-TaboolaDemoAppTests.a */,
				BA12290580686AD6DB0E2DF7 /* libPods-TaboolaDemoAppUITests.a */,
			);
			name = Frameworks;
			sourceTree = "<group>";
		};
		BC9158BE186C7C0600141537 /* TaboolaDemoApp */ = {
			isa = PBXGroup;
			children = (
				BC9158E7186C7D8500141537 /* ViewControllers */,
				BC9158C7186C7C0600141537 /* TBAppDelegate.h */,
				BC9158C8186C7C0600141537 /* TBAppDelegate.m */,
				BC9158CA186C7C0600141537 /* Images.xcassets */,
				BC9158BF186C7C0600141537 /* Supporting Files */,
				DCF042EC1DCCADFA00198A08 /* Launch Screen.storyboard */,
				DB3A190C21AD8CDB00F06792 /* Main.storyboard */,
			);
			path = TaboolaDemoApp;
			sourceTree = "<group>";
		};
		BC9158BF186C7C0600141537 /* Supporting Files */ = {
			isa = PBXGroup;
			children = (
				BCF891FC186DC47C003F45C4 /* navigationBar_iPhone@2x.png */,
				BCF891EC186DC357003F45C4 /* icons */,
				BC9158C0186C7C0600141537 /* TaboolaDemoApp-Info.plist */,
				BC9158C1186C7C0600141537 /* InfoPlist.strings */,
				BC9158C4186C7C0600141537 /* main.m */,
				BC9158C6186C7C0600141537 /* TaboolaDemoApp-Prefix.pch */,
			);
			name = "Supporting Files";
			sourceTree = "<group>";
		};
		BC9158E7186C7D8500141537 /* ViewControllers */ = {
			isa = PBXGroup;
			children = (
				BC4C1EC5186D89E400308460 /* TBWidgetViewController */,
				BC4C1ECD186D8C6A00308460 /* TBFeedViewController */,
				DBB1F72920D1138300D6E9E6 /* TBFeedCollectionView */,
				DB4107D821AAF9FC006CA18D /* TBWidgetCollectionView */,
			);
			name = ViewControllers;
			sourceTree = "<group>";
		};
		BCF891EC186DC357003F45C4 /* icons */ = {
			isa = PBXGroup;
			children = (
				BCF891ED186DC363003F45C4 /* ic_launcher_57.png */,
				BCF891EE186DC363003F45C4 /* ic_launcher_72.png */,
				BCF891EF186DC363003F45C4 /* ic_launcher_76.png */,
				BCF891F0186DC363003F45C4 /* ic_launcher_114.png */,
				BCF891F1186DC363003F45C4 /* ic_launcher_120.png */,
				BCF891F2186DC363003F45C4 /* ic_launcher_144.png */,
				BCF891F3186DC363003F45C4 /* ic_launcher_152.png */,
			);
			name = icons;
			sourceTree = "<group>";
		};
		DB4107D821AAF9FC006CA18D /* TBWidgetCollectionView */ = {
			isa = PBXGroup;
			children = (
				DB4107D921AAF9FC006CA18D /* TBWidgetCollectionView.h */,
				DB4107DA21AAF9FC006CA18D /* TBWidgetCollectionView.m */,
			);
			path = TBWidgetCollectionView;
			sourceTree = "<group>";
		};
		DBAF48ED21B3CDB7005F6EA5 /* TaboolaDemoAppUITests */ = {
			isa = PBXGroup;
			children = (
			);
			name = TaboolaDemoAppUITests;
			path = TaboolaDemoApp;
			sourceTree = "<group>";
		};
		DBB1F72920D1138300D6E9E6 /* TBFeedCollectionView */ = {
			isa = PBXGroup;
			children = (
				DBFF21FB20D26558008DD3CB /* TBFeedCollectionView.h */,
				DBFF21F920D26557008DD3CB /* TBFeedCollectionView.m */,
				DBFF221420D266A2008DD3CB /* TaboolaCollectionViewCell */,
			);
			name = TBFeedCollectionView;
			sourceTree = "<group>";
		};
		DBFF221420D266A2008DD3CB /* TaboolaCollectionViewCell */ = {
			isa = PBXGroup;
			children = (
				DBFF221820D266A2008DD3CB /* TaboolaCollectionViewCell.h */,
				DBFF221920D266A2008DD3CB /* TaboolaCollectionViewCell.m */,
			);
			path = TaboolaCollectionViewCell;
			sourceTree = "<group>";
		};
/* End PBXGroup section */

/* Begin PBXNativeTarget section */
		BC9158B4186C7C0600141537 /* TaboolaDemoApp */ = {
			isa = PBXNativeTarget;
			buildConfigurationList = BC9158E1186C7C0600141537 /* Build configuration list for PBXNativeTarget "TaboolaDemoApp" */;
			buildPhases = (
				FE24D85FF27E5D5CBD93FBA2 /* [CP] Check Pods Manifest.lock */,
				BC9158B1186C7C0600141537 /* Sources */,
				BC9158B2186C7C0600141537 /* Frameworks */,
				BC9158B3186C7C0600141537 /* Resources */,
				BDF1D88F9B21EF376D2A5FC3 /* [CP] Copy Pods Resources */,
			);
			buildRules = (
			);
			dependencies = (
			);
			name = TaboolaDemoApp;
			productName = TaboolaDemoApp;
			productReference = BC9158B5186C7C0600141537 /* TaboolaDemoApp.app */;
			productType = "com.apple.product-type.application";
		};
		BC9158CF186C7C0600141537 /* TaboolaDemoAppTests */ = {
			isa = PBXNativeTarget;
			buildConfigurationList = BC9158E4186C7C0600141537 /* Build configuration list for PBXNativeTarget "TaboolaDemoAppTests" */;
			buildPhases = (
				BC9158CC186C7C0600141537 /* Sources */,
				BC9158CD186C7C0600141537 /* Frameworks */,
				BC9158CE186C7C0600141537 /* Resources */,
			);
			buildRules = (
			);
			dependencies = (
				BC9158D6186C7C0600141537 /* PBXTargetDependency */,
			);
			name = TaboolaDemoAppTests;
			productName = TaboolaDemoAppTests;
			productReference = BC9158D0186C7C0600141537 /* TaboolaDemoAppTests.xctest */;
			productType = "com.apple.product-type.bundle.unit-test";
		};
		DC481AD81D01C032000426FD /* TaboolaDemoAppUITests */ = {
			isa = PBXNativeTarget;
			buildConfigurationList = DC481AE31D01C032000426FD /* Build configuration list for PBXNativeTarget "TaboolaDemoAppUITests" */;
			buildPhases = (
				DC481AD51D01C032000426FD /* Sources */,
				DC481AD61D01C032000426FD /* Frameworks */,
				DC481AD71D01C032000426FD /* Resources */,
			);
			buildRules = (
			);
			dependencies = (
				DC481ADF1D01C032000426FD /* PBXTargetDependency */,
			);
			name = TaboolaDemoAppUITests;
			productName = TaboolaDemoAppUITests;
			productReference = DC481AD91D01C032000426FD /* TaboolaDemoAppUITests.xctest */;
			productType = "com.apple.product-type.bundle.ui-testing";
		};
/* End PBXNativeTarget section */

/* Begin PBXProject section */
		BC9158AD186C7C0600141537 /* Project object */ = {
			isa = PBXProject;
			attributes = {
				CLASSPREFIX = TB;
				LastUpgradeCheck = 0510;
				ORGANIZATIONNAME = Taboola;
				TargetAttributes = {
					BC9158B4186C7C0600141537 = {
						DevelopmentTeam = P4YBSJEM3U;
					};
					BC9158CF186C7C0600141537 = {
						TestTargetID = BC9158B4186C7C0600141537;
					};
					DC481AD81D01C032000426FD = {
						CreatedOnToolsVersion = 7.3.1;
						TestTargetID = BC9158B4186C7C0600141537;
					};
				};
			};
			buildConfigurationList = BC9158B0186C7C0600141537 /* Build configuration list for PBXProject "TaboolaDemoApp" */;
			compatibilityVersion = "Xcode 3.2";
			developmentRegion = English;
			hasScannedForEncodings = 0;
			knownRegions = (
				en,
			);
			mainGroup = BC9158AC186C7C0600141537;
			productRefGroup = BC9158B6186C7C0600141537 /* Products */;
			projectDirPath = "";
			projectRoot = "";
			targets = (
				BC9158B4186C7C0600141537 /* TaboolaDemoApp */,
				BC9158CF186C7C0600141537 /* TaboolaDemoAppTests */,
				DC481AD81D01C032000426FD /* TaboolaDemoAppUITests */,
			);
		};
/* End PBXProject section */

/* Begin PBXResourcesBuildPhase section */
		BC9158B3186C7C0600141537 /* Resources */ = {
			isa = PBXResourcesBuildPhase;
			buildActionMask = 2147483647;
			files = (
				BCF891F7186DC363003F45C4 /* ic_launcher_114.png in Resources */,
				BCF891F4186DC363003F45C4 /* ic_launcher_57.png in Resources */,
				BCF891F5186DC363003F45C4 /* ic_launcher_72.png in Resources */,
				DCF042ED1DCCADFA00198A08 /* Launch Screen.storyboard in Resources */,
				BCF891F6186DC363003F45C4 /* ic_launcher_76.png in Resources */,
				DB3A190D21AD8CDB00F06792 /* Main.storyboard in Resources */,
				BCF891FE186DC47C003F45C4 /* navigationBar_iPhone@2x.png in Resources */,
				BCF891FA186DC363003F45C4 /* ic_launcher_152.png in Resources */,
				BCF891F8186DC363003F45C4 /* ic_launcher_120.png in Resources */,
				BCF891F9186DC363003F45C4 /* ic_launcher_144.png in Resources */,
				BC9158C3186C7C0600141537 /* InfoPlist.strings in Resources */,
				BC9158CB186C7C0600141537 /* Images.xcassets in Resources */,
			);
			runOnlyForDeploymentPostprocessing = 0;
		};
		BC9158CE186C7C0600141537 /* Resources */ = {
			isa = PBXResourcesBuildPhase;
			buildActionMask = 2147483647;
			files = (
			);
			runOnlyForDeploymentPostprocessing = 0;
		};
		DC481AD71D01C032000426FD /* Resources */ = {
			isa = PBXResourcesBuildPhase;
			buildActionMask = 2147483647;
			files = (
			);
			runOnlyForDeploymentPostprocessing = 0;
		};
/* End PBXResourcesBuildPhase section */

/* Begin PBXShellScriptBuildPhase section */
		BDF1D88F9B21EF376D2A5FC3 /* [CP] Copy Pods Resources */ = {
			isa = PBXShellScriptBuildPhase;
			buildActionMask = 2147483647;
			files = (
			);
			inputPaths = (
				"${PODS_ROOT}/Target Support Files/Pods-TaboolaDemoApp/Pods-TaboolaDemoApp-resources.sh",
				"${PODS_ROOT}/TaboolaSDK/TaboolaSDK.framework/Versions/A/TaboolaResources/TaboolaVIewResources.bundle",
			);
			name = "[CP] Copy Pods Resources";
			outputPaths = (
				"${TARGET_BUILD_DIR}/${UNLOCALIZED_RESOURCES_FOLDER_PATH}/TaboolaVIewResources.bundle",
			);
			runOnlyForDeploymentPostprocessing = 0;
			shellPath = /bin/sh;
			shellScript = "\"${PODS_ROOT}/Target Support Files/Pods-TaboolaDemoApp/Pods-TaboolaDemoApp-resources.sh\"\n";
			showEnvVarsInLog = 0;
		};
		FE24D85FF27E5D5CBD93FBA2 /* [CP] Check Pods Manifest.lock */ = {
			isa = PBXShellScriptBuildPhase;
			buildActionMask = 2147483647;
			files = (
			);
			inputPaths = (
				"${PODS_PODFILE_DIR_PATH}/Podfile.lock",
				"${PODS_ROOT}/Manifest.lock",
			);
			name = "[CP] Check Pods Manifest.lock";
			outputPaths = (
				"$(DERIVED_FILE_DIR)/Pods-TaboolaDemoApp-checkManifestLockResult.txt",
			);
			runOnlyForDeploymentPostprocessing = 0;
			shellPath = /bin/sh;
			shellScript = "diff \"${PODS_PODFILE_DIR_PATH}/Podfile.lock\" \"${PODS_ROOT}/Manifest.lock\" > /dev/null\nif [ $? != 0 ] ; then\n    # print error to STDERR\n    echo \"error: The sandbox is not in sync with the Podfile.lock. Run 'pod install' or update your CocoaPods installation.\" >&2\n    exit 1\nfi\n# This output is used by Xcode 'outputs' to avoid re-running this script phase.\necho \"SUCCESS\" > \"${SCRIPT_OUTPUT_FILE_0}\"\n";
			showEnvVarsInLog = 0;
		};
/* End PBXShellScriptBuildPhase section */

/* Begin PBXSourcesBuildPhase section */
		BC9158B1186C7C0600141537 /* Sources */ = {
			isa = PBXSourcesBuildPhase;
			buildActionMask = 2147483647;
			files = (
				DBFF221D20D266A2008DD3CB /* TaboolaCollectionViewCell.m in Sources */,
				BC9158C9186C7C0600141537 /* TBAppDelegate.m in Sources */,
				DBFF222220D267EF008DD3CB /* TBFeedViewController.m in Sources */,
				BC9158C5186C7C0600141537 /* main.m in Sources */,
				DB4107DC21AAF9FC006CA18D /* TBWidgetCollectionView.m in Sources */,
				BC4C1EC8186D8A0300308460 /* TBWidgetViewController.m in Sources */,
				DBFF220320D26558008DD3CB /* TBFeedCollectionView.m in Sources */,
			);
			runOnlyForDeploymentPostprocessing = 0;
		};
		BC9158CC186C7C0600141537 /* Sources */ = {
			isa = PBXSourcesBuildPhase;
			buildActionMask = 2147483647;
			files = (
			);
			runOnlyForDeploymentPostprocessing = 0;
		};
		DC481AD51D01C032000426FD /* Sources */ = {
			isa = PBXSourcesBuildPhase;
			buildActionMask = 2147483647;
			files = (
			);
			runOnlyForDeploymentPostprocessing = 0;
		};
/* End PBXSourcesBuildPhase section */

/* Begin PBXTargetDependency section */
		BC9158D6186C7C0600141537 /* PBXTargetDependency */ = {
			isa = PBXTargetDependency;
			target = BC9158B4186C7C0600141537 /* TaboolaDemoApp */;
			targetProxy = BC9158D5186C7C0600141537 /* PBXContainerItemProxy */;
		};
		DC481ADF1D01C032000426FD /* PBXTargetDependency */ = {
			isa = PBXTargetDependency;
			target = BC9158B4186C7C0600141537 /* TaboolaDemoApp */;
			targetProxy = DC481ADE1D01C032000426FD /* PBXContainerItemProxy */;
		};
/* End PBXTargetDependency section */

/* Begin PBXVariantGroup section */
		BC9158C1186C7C0600141537 /* InfoPlist.strings */ = {
			isa = PBXVariantGroup;
			children = (
				BC9158C2186C7C0600141537 /* en */,
			);
			name = InfoPlist.strings;
			sourceTree = "<group>";
		};
/* End PBXVariantGroup section */

/* Begin XCBuildConfiguration section */
		BC9158DF186C7C0600141537 /* Debug */ = {
			isa = XCBuildConfiguration;
			buildSettings = {
				ALWAYS_SEARCH_USER_PATHS = NO;
				CLANG_CXX_LANGUAGE_STANDARD = "gnu++0x";
				CLANG_CXX_LIBRARY = "libc++";
				CLANG_ENABLE_MODULES = YES;
				CLANG_ENABLE_OBJC_ARC = YES;
				CLANG_WARN_BOOL_CONVERSION = YES;
				CLANG_WARN_CONSTANT_CONVERSION = YES;
				CLANG_WARN_DIRECT_OBJC_ISA_USAGE = YES_ERROR;
				CLANG_WARN_EMPTY_BODY = YES;
				CLANG_WARN_ENUM_CONVERSION = YES;
				CLANG_WARN_INT_CONVERSION = YES;
				CLANG_WARN_OBJC_ROOT_CLASS = YES_ERROR;
				CLANG_WARN__DUPLICATE_METHOD_MATCH = YES;
				"CODE_SIGN_IDENTITY[sdk=iphoneos*]" = "iPhone Developer";
				COPY_PHASE_STRIP = NO;
				GCC_C_LANGUAGE_STANDARD = gnu99;
				GCC_DYNAMIC_NO_PIC = NO;
				GCC_OPTIMIZATION_LEVEL = 0;
				GCC_PREPROCESSOR_DEFINITIONS = (
					"DEBUG=1",
					"$(inherited)",
				);
				GCC_SYMBOLS_PRIVATE_EXTERN = NO;
				GCC_WARN_64_TO_32_BIT_CONVERSION = YES;
				GCC_WARN_ABOUT_RETURN_TYPE = YES_ERROR;
				GCC_WARN_UNDECLARED_SELECTOR = YES;
				GCC_WARN_UNINITIALIZED_AUTOS = YES;
				GCC_WARN_UNUSED_FUNCTION = YES;
				GCC_WARN_UNUSED_VARIABLE = YES;
				IPHONEOS_DEPLOYMENT_TARGET = 7.0;
				ONLY_ACTIVE_ARCH = YES;
				SDKROOT = iphoneos;
				TARGETED_DEVICE_FAMILY = "1,2";
			};
			name = Debug;
		};
		BC9158E0186C7C0600141537 /* Release */ = {
			isa = XCBuildConfiguration;
			buildSettings = {
				ALWAYS_SEARCH_USER_PATHS = NO;
				CLANG_CXX_LANGUAGE_STANDARD = "gnu++0x";
				CLANG_CXX_LIBRARY = "libc++";
				CLANG_ENABLE_MODULES = YES;
				CLANG_ENABLE_OBJC_ARC = YES;
				CLANG_WARN_BOOL_CONVERSION = YES;
				CLANG_WARN_CONSTANT_CONVERSION = YES;
				CLANG_WARN_DIRECT_OBJC_ISA_USAGE = YES_ERROR;
				CLANG_WARN_EMPTY_BODY = YES;
				CLANG_WARN_ENUM_CONVERSION = YES;
				CLANG_WARN_INT_CONVERSION = YES;
				CLANG_WARN_OBJC_ROOT_CLASS = YES_ERROR;
				CLANG_WARN__DUPLICATE_METHOD_MATCH = YES;
				"CODE_SIGN_IDENTITY[sdk=iphoneos*]" = "iPhone Developer";
				COPY_PHASE_STRIP = YES;
				ENABLE_NS_ASSERTIONS = NO;
				GCC_C_LANGUAGE_STANDARD = gnu99;
				GCC_WARN_64_TO_32_BIT_CONVERSION = YES;
				GCC_WARN_ABOUT_RETURN_TYPE = YES_ERROR;
				GCC_WARN_UNDECLARED_SELECTOR = YES;
				GCC_WARN_UNINITIALIZED_AUTOS = YES;
				GCC_WARN_UNUSED_FUNCTION = YES;
				GCC_WARN_UNUSED_VARIABLE = YES;
				IPHONEOS_DEPLOYMENT_TARGET = 7.0;
				SDKROOT = iphoneos;
				TARGETED_DEVICE_FAMILY = "1,2";
				VALIDATE_PRODUCT = YES;
			};
			name = Release;
		};
		BC9158E2186C7C0600141537 /* Debug */ = {
			isa = XCBuildConfiguration;
			baseConfigurationReference = 42966A7478D73CB3E501E4CC /* Pods-TaboolaDemoApp.debug.xcconfig */;
			buildSettings = {
				ARCHS = (
					"$(ARCHS_STANDARD)",
					"$(ARCHS_STANDARD_INCLUDING_64_BIT)",
					armv7s,
				);
				ASSETCATALOG_COMPILER_LAUNCHIMAGE_NAME = LaunchImage;
				CODE_SIGN_IDENTITY = "iPhone Developer";
				"CODE_SIGN_IDENTITY[sdk=iphoneos*]" = "iPhone Developer";
				DEVELOPMENT_TEAM = P4YBSJEM3U;
				GCC_PRECOMPILE_PREFIX_HEADER = YES;
				GCC_PREFIX_HEADER = "TaboolaDemoApp/TaboolaDemoApp-Prefix.pch";
				HEADER_SEARCH_PATHS = (
					"$(inherited)",
					/Applications/Xcode.app/Contents/Developer/Toolchains/XcodeDefault.xctoolchain/usr/include,
					"$(SRCROOT)/TaboolaView/TaboolaView/",
					"$(BUILT_PRODUCTS_DIR)",
				);
				INFOPLIST_FILE = "TaboolaDemoApp/TaboolaDemoApp-Info.plist";
				IPHONEOS_DEPLOYMENT_TARGET = 10.0;
				LIBRARY_SEARCH_PATHS = (
					"$(inherited)",
					"$(PROJECT_DIR)",
				);
				OTHER_LDFLAGS = (
					"-ObjC",
					"$(inherited)",
				);
				PRODUCT_BUNDLE_IDENTIFIER = Taboola.TaboolaDemoApp;
				PRODUCT_NAME = "$(TARGET_NAME)";
				PROVISIONING_PROFILE = "";
				SDKROOT = iphoneos;
				TARGETED_DEVICE_FAMILY = 1;
				VALID_ARCHS = "armv7 armv7s x86_64 arm64";
				WRAPPER_EXTENSION = app;
			};
			name = Debug;
		};
		BC9158E3186C7C0600141537 /* Release */ = {
			isa = XCBuildConfiguration;
			baseConfigurationReference = 39B0BC8FA40B27EFF8279810 /* Pods-TaboolaDemoApp.release.xcconfig */;
			buildSettings = {
				ARCHS = (
					"$(ARCHS_STANDARD)",
					"$(ARCHS_STANDARD_INCLUDING_64_BIT)",
					armv7s,
				);
				ASSETCATALOG_COMPILER_LAUNCHIMAGE_NAME = LaunchImage;
				CODE_SIGN_IDENTITY = "iPhone Developer";
				"CODE_SIGN_IDENTITY[sdk=iphoneos*]" = "iPhone Developer";
				DEVELOPMENT_TEAM = P4YBSJEM3U;
				GCC_PRECOMPILE_PREFIX_HEADER = YES;
				GCC_PREFIX_HEADER = "TaboolaDemoApp/TaboolaDemoApp-Prefix.pch";
				HEADER_SEARCH_PATHS = (
					"$(inherited)",
					/Applications/Xcode.app/Contents/Developer/Toolchains/XcodeDefault.xctoolchain/usr/include,
					"$(SRCROOT)/TaboolaView/TaboolaView/",
					"$(BUILT_PRODUCTS_DIR)",
				);
				INFOPLIST_FILE = "TaboolaDemoApp/TaboolaDemoApp-Info.plist";
				IPHONEOS_DEPLOYMENT_TARGET = 10.0;
				LIBRARY_SEARCH_PATHS = (
					"$(inherited)",
					"$(PROJECT_DIR)",
				);
				OTHER_LDFLAGS = (
					"-ObjC",
					"$(inherited)",
				);
				PRODUCT_BUNDLE_IDENTIFIER = Taboola.TaboolaDemoApp;
				PRODUCT_NAME = "$(TARGET_NAME)";
				PROVISIONING_PROFILE = "";
				SDKROOT = iphoneos;
				TARGETED_DEVICE_FAMILY = 1;
				VALID_ARCHS = "armv7 armv7s x86_64 arm64";
				WRAPPER_EXTENSION = app;
			};
			name = Release;
		};
		BC9158E5186C7C0600141537 /* Debug */ = {
			isa = XCBuildConfiguration;
			buildSettings = {
				BUNDLE_LOADER = "$(BUILT_PRODUCTS_DIR)/TaboolaDemoApp.app/TaboolaDemoApp";
				FRAMEWORK_SEARCH_PATHS = (
					"$(SDKROOT)/Developer/Library/Frameworks",
					"$(inherited)",
					"$(DEVELOPER_FRAMEWORKS_DIR)",
				);
				GCC_PRECOMPILE_PREFIX_HEADER = YES;
				GCC_PREFIX_HEADER = "TaboolaDemoApp/TaboolaDemoApp-Prefix.pch";
				GCC_PREPROCESSOR_DEFINITIONS = (
					"DEBUG=1",
					"$(inherited)",
				);
				INFOPLIST_FILE = TaboolaDemoAppUITests/Info.plist;
				PRODUCT_NAME = "$(TARGET_NAME)";
				TEST_HOST = "$(BUNDLE_LOADER)";
				WRAPPER_EXTENSION = xctest;
			};
			name = Debug;
		};
		BC9158E6186C7C0600141537 /* Release */ = {
			isa = XCBuildConfiguration;
			buildSettings = {
				BUNDLE_LOADER = "$(BUILT_PRODUCTS_DIR)/TaboolaDemoApp.app/TaboolaDemoApp";
				FRAMEWORK_SEARCH_PATHS = (
					"$(SDKROOT)/Developer/Library/Frameworks",
					"$(inherited)",
					"$(DEVELOPER_FRAMEWORKS_DIR)",
				);
				GCC_PRECOMPILE_PREFIX_HEADER = YES;
				GCC_PREFIX_HEADER = "TaboolaDemoApp/TaboolaDemoApp-Prefix.pch";
				INFOPLIST_FILE = TaboolaDemoAppUITests/Info.plist;
				PRODUCT_NAME = "$(TARGET_NAME)";
				TEST_HOST = "$(BUNDLE_LOADER)";
				WRAPPER_EXTENSION = xctest;
			};
			name = Release;
		};
		DC481AE01D01C032000426FD /* Debug */ = {
			isa = XCBuildConfiguration;
			buildSettings = {
				CLANG_ANALYZER_NONNULL = YES;
				CLANG_WARN_UNREACHABLE_CODE = YES;
				DEBUG_INFORMATION_FORMAT = dwarf;
				ENABLE_STRICT_OBJC_MSGSEND = YES;
				ENABLE_TESTABILITY = YES;
				GCC_NO_COMMON_BLOCKS = YES;
				GCC_WARN_UNINITIALIZED_AUTOS = YES_AGGRESSIVE;
				INFOPLIST_FILE = TaboolaDemoAppUITests/Info.plist;
				IPHONEOS_DEPLOYMENT_TARGET = 9.3;
				LD_RUNPATH_SEARCH_PATHS = "$(inherited) @executable_path/Frameworks @loader_path/Frameworks";
				MTL_ENABLE_DEBUG_INFO = YES;
				PRODUCT_BUNDLE_IDENTIFIER = taboola.TaboolaDemoAppUITests;
				PRODUCT_NAME = "$(TARGET_NAME)";
				TEST_TARGET_NAME = TaboolaDemoApp;
			};
			name = Debug;
		};
		DC481AE11D01C032000426FD /* Release */ = {
			isa = XCBuildConfiguration;
			buildSettings = {
				CLANG_ANALYZER_NONNULL = YES;
				CLANG_WARN_UNREACHABLE_CODE = YES;
				COPY_PHASE_STRIP = NO;
				DEBUG_INFORMATION_FORMAT = "dwarf-with-dsym";
				ENABLE_STRICT_OBJC_MSGSEND = YES;
				GCC_NO_COMMON_BLOCKS = YES;
				GCC_WARN_UNINITIALIZED_AUTOS = YES_AGGRESSIVE;
				INFOPLIST_FILE = TaboolaDemoAppUITests/Info.plist;
				IPHONEOS_DEPLOYMENT_TARGET = 9.3;
				LD_RUNPATH_SEARCH_PATHS = "$(inherited) @executable_path/Frameworks @loader_path/Frameworks";
				MTL_ENABLE_DEBUG_INFO = NO;
				PRODUCT_BUNDLE_IDENTIFIER = taboola.TaboolaDemoAppUITests;
				PRODUCT_NAME = "$(TARGET_NAME)";
				TEST_TARGET_NAME = TaboolaDemoApp;
			};
			name = Release;
		};
/* End XCBuildConfiguration section */

/* Begin XCConfigurationList section */
		BC9158B0186C7C0600141537 /* Build configuration list for PBXProject "TaboolaDemoApp" */ = {
			isa = XCConfigurationList;
			buildConfigurations = (
				BC9158DF186C7C0600141537 /* Debug */,
				BC9158E0186C7C0600141537 /* Release */,
			);
			defaultConfigurationIsVisible = 0;
			defaultConfigurationName = Release;
		};
		BC9158E1186C7C0600141537 /* Build configuration list for PBXNativeTarget "TaboolaDemoApp" */ = {
			isa = XCConfigurationList;
			buildConfigurations = (
				BC9158E2186C7C0600141537 /* Debug */,
				BC9158E3186C7C0600141537 /* Release */,
			);
			defaultConfigurationIsVisible = 0;
			defaultConfigurationName = Release;
		};
		BC9158E4186C7C0600141537 /* Build configuration list for PBXNativeTarget "TaboolaDemoAppTests" */ = {
			isa = XCConfigurationList;
			buildConfigurations = (
				BC9158E5186C7C0600141537 /* Debug */,
				BC9158E6186C7C0600141537 /* Release */,
			);
			defaultConfigurationIsVisible = 0;
			defaultConfigurationName = Release;
		};
		DC481AE31D01C032000426FD /* Build configuration list for PBXNativeTarget "TaboolaDemoAppUITests" */ = {
			isa = XCConfigurationList;
			buildConfigurations = (
				DC481AE01D01C032000426FD /* Debug */,
				DC481AE11D01C032000426FD /* Release */,
			);
			defaultConfigurationIsVisible = 0;
			defaultConfigurationName = Release;
		};
/* End XCConfigurationList section */
	};
	rootObject = BC9158AD186C7C0600141537 /* Project object */;
}
